
Microsoft Visual Studio Solution File, Format Version 12.00
# Visual Studio Version 17
VisualStudioVersion = 17.9.34902.65
MinimumVisualStudioVersion = 10.0.40219.1
Project("{8BC9CEB8-8B4A-11D0-8D11-00A0C91BC942}") = "Project1", "Project1\Project1.vcxproj", "{FB5A7B22-3014-4952-B326-934A905A208A}"
EndProject
Project("{8BC9CEB8-8B4A-11D0-8D11-00A0C91BC942}") = "Sample-Test1", "Sample-Test1\Sample-Test1.vcxproj", "{9A9FC005-45D8-4C0E-AE30-676E77A810C7}"
EndProject
Project("{2150E333-8FDC-42A3-9474-1A3956D46DE8}") = "솔루션 항목", "솔루션 항목", "{8793C6FA-3D51-4EEA-A49B-94108E64135F}"
	ProjectSection(SolutionItems) = preProject
		.gitignore = .gitignore
		README.md = README.md
	EndProjectSection
EndProject
Global
	GlobalSection(SolutionConfigurationPlatforms) = preSolution
		Debug|x64 = Debug|x64
		Debug|x86 = Debug|x86
		Release|x64 = Release|x64
		Release|x86 = Release|x86
	EndGlobalSection
	GlobalSection(ProjectConfigurationPlatforms) = postSolution
		{FB5A7B22-3014-4952-B326-934A905A208A}.Debug|x64.ActiveCfg = Debug|x64
		{FB5A7B22-3014-4952-B326-934A905A208A}.Debug|x64.Build.0 = Debug|x64
		{FB5A7B22-3014-4952-B326-934A905A208A}.Debug|x86.ActiveCfg = Debug|Win32
		{FB5A7B22-3014-4952-B326-934A905A208A}.Debug|x86.Build.0 = Debug|Win32
		{FB5A7B22-3014-4952-B326-934A905A208A}.Release|x64.ActiveCfg = Release|x64
		{FB5A7B22-3014-4952-B326-934A905A208A}.Release|x64.Build.0 = Release|x64
		{FB5A7B22-3014-4952-B326-934A905A208A}.Release|x86.ActiveCfg = Release|Win32
		{FB5A7B22-3014-4952-B326-934A905A208A}.Release|x86.Build.0 = Release|Win32
		{9A9FC005-45D8-4C0E-AE30-676E77A810C7}.Debug|x64.ActiveCfg = Debug|x64
		{9A9FC005-45D8-4C0E-AE30-676E77A810C7}.Debug|x64.Build.0 = Debug|x64
		{9A9FC005-45D8-4C0E-AE30-676E77A810C7}.Debug|x86.ActiveCfg = Debug|Win32
		{9A9FC005-45D8-4C0E-AE30-676E77A810C7}.Debug|x86.Build.0 = Debug|Win32
		{9A9FC005-45D8-4C0E-AE30-676E77A810C7}.Release|x64.ActiveCfg = Release|x64
		{9A9FC005-45D8-4C0E-AE30-676E77A810C7}.Release|x64.Build.0 = Release|x64
		{9A9FC005-45D8-4C0E-AE30-676E77A810C7}.Release|x86.ActiveCfg = Release|Win32
		{9A9FC005-45D8-4C0E-AE30-676E77A810C7}.Release|x86.Build.0 = Release|Win32
	EndGlobalSection
	GlobalSection(SolutionProperties) = preSolution
		HideSolutionNode = FALSE
	EndGlobalSection
	GlobalSection(ExtensibilityGlobals) = postSolution
		SolutionGuid = {D1EA141F-8E21-4FF6-97FB-3514BE14A192}
	EndGlobalSection
EndGlobal
